
Microsoft Visual Studio Solution File, Format Version 12.00
# Visual Studio Version 17
VisualStudioVersion = 17.14.36203.30 d17.14
MinimumVisualStudioVersion = 10.0.40219.1
Project("{FAE04EC0-301F-11D3-BF4B-00C04F79EFBC}") = "DemoApp", "DemoApp\DemoApp.csproj", "{BFF44541-9108-49EA-8092-1C5B011DB0EA}"
EndProject
Global
	GlobalSection(SolutionConfigurationPlatforms) = preSolution
		Debug|Any CPU = Debug|Any CPU
		Release|Any CPU = Release|Any CPU
	EndGlobalSection
	GlobalSection(ProjectConfigurationPlatforms) = postSolution
		{BFF44541-9108-49EA-8092-1C5B011DB0EA}.Debug|Any CPU.ActiveCfg = Debug|Any CPU
		{BFF44541-9108-49EA-8092-1C5B011DB0EA}.Debug|Any CPU.Build.0 = Debug|Any CPU
		{BFF44541-9108-49EA-8092-1C5B011DB0EA}.Release|Any CPU.ActiveCfg = Release|Any CPU
		{BFF44541-9108-49EA-8092-1C5B011DB0EA}.Release|Any CPU.Build.0 = Release|Any CPU
	EndGlobalSection
	GlobalSection(SolutionProperties) = preSolution
		HideSolutionNode = FALSE
	EndGlobalSection
	GlobalSection(ExtensibilityGlobals) = postSolution
		SolutionGuid = {8B33F242-5F9B-49D5-B06F-28D2D67587E5}
	EndGlobalSection
EndGlobal
